Microsoft Visual Studio Solution File, Format Version 12.00
# Visual Studio Version 17
VisualStudioVersion = 17.5.2.0
MinimumVisualStudioVersion = 10.0.40219.1
Project("{FAE04EC0-301F-11D3-BF4B-00C04F79EFBC}") = "AnonymousExtensionDemo", "AnonymousExtensionDemo.csproj", "{9ACD7F1A-04B5-F1C8-AB07-9814205C8E9A}"
EndProject
Global
	GlobalSection(SolutionConfigurationPlatforms) = preSolution
		Debug|Any CPU = Debug|Any CPU
		Release|Any CPU = Release|Any CPU
	EndGlobalSection
	GlobalSection(ProjectConfigurationPlatforms) = postSolution
		{9ACD7F1A-04B5-F1C8-AB07-9814205C8E9A}.Debug|Any CPU.ActiveCfg = Debug|Any CPU
		{9ACD7F1A-04B5-F1C8-AB07-9814205C8E9A}.Debug|Any CPU.Build.0 = Debug|Any CPU
		{9ACD7F1A-04B5-F1C8-AB07-9814205C8E9A}.Release|Any CPU.ActiveCfg = Release|Any CPU
		{9ACD7F1A-04B5-F1C8-AB07-9814205C8E9A}.Release|Any CPU.Build.0 = Release|Any CPU
	EndGlobalSection
	GlobalSection(SolutionProperties) = preSolution
		HideSolutionNode = FALSE
	EndGlobalSection
	GlobalSection(ExtensibilityGlobals) = postSolution
		SolutionGuid = {592FDDDB-9C13-4049-B5C7-C9FDADDE10F2}
	EndGlobalSection
EndGlobal
