Microsoft Visual Studio Solution File, Format Version 12.00
# Visual Studio Version 17
VisualStudioVersion = 17.5.2.0
MinimumVisualStudioVersion = 10.0.40219.1
Project("{FAE04EC0-301F-11D3-BF4B-00C04F79EFBC}") = "StringBuilderDemo", "StringBuilderDemo.csproj", "{859A0C67-B4F9-1A3F-0293-2C0A52D24BD1}"
EndProject
Global
	GlobalSection(SolutionConfigurationPlatforms) = preSolution
		Debug|Any CPU = Debug|Any CPU
		Release|Any CPU = Release|Any CPU
	EndGlobalSection
	GlobalSection(ProjectConfigurationPlatforms) = postSolution
		{859A0C67-B4F9-1A3F-0293-2C0A52D24BD1}.Debug|Any CPU.ActiveCfg = Debug|Any CPU
		{859A0C67-B4F9-1A3F-0293-2C0A52D24BD1}.Debug|Any CPU.Build.0 = Debug|Any CPU
		{859A0C67-B4F9-1A3F-0293-2C0A52D24BD1}.Release|Any CPU.ActiveCfg = Release|Any CPU
		{859A0C67-B4F9-1A3F-0293-2C0A52D24BD1}.Release|Any CPU.Build.0 = Release|Any CPU
	EndGlobalSection
	GlobalSection(SolutionProperties) = preSolution
		HideSolutionNode = FALSE
	EndGlobalSection
	GlobalSection(ExtensibilityGlobals) = postSolution
		SolutionGuid = {DEA6EF3C-52DE-4C94-948F-FFDE815DDEC9}
	EndGlobalSection
EndGlobal
