Microsoft Visual Studio Solution File, Format Version 12.00
# Visual Studio Version 17
VisualStudioVersion = 17.5.2.0
MinimumVisualStudioVersion = 10.0.40219.1
Project("{FAE04EC0-301F-11D3-BF4B-00C04F79EFBC}") = "MusicStoreAlbumCollection", "MusicStoreAlbumCollection.csproj", "{29DD6BAF-66A7-F4D6-A4BF-AFA16678AB9A}"
EndProject
Global
	GlobalSection(SolutionConfigurationPlatforms) = preSolution
		Debug|Any CPU = Debug|Any CPU
		Release|Any CPU = Release|Any CPU
	EndGlobalSection
	GlobalSection(ProjectConfigurationPlatforms) = postSolution
		{29DD6BAF-66A7-F4D6-A4BF-AFA16678AB9A}.Debug|Any CPU.ActiveCfg = Debug|Any CPU
		{29DD6BAF-66A7-F4D6-A4BF-AFA16678AB9A}.Debug|Any CPU.Build.0 = Debug|Any CPU
		{29DD6BAF-66A7-F4D6-A4BF-AFA16678AB9A}.Release|Any CPU.ActiveCfg = Release|Any CPU
		{29DD6BAF-66A7-F4D6-A4BF-AFA16678AB9A}.Release|Any CPU.Build.0 = Release|Any CPU
	EndGlobalSection
	GlobalSection(SolutionProperties) = preSolution
		HideSolutionNode = FALSE
	EndGlobalSection
	GlobalSection(ExtensibilityGlobals) = postSolution
		SolutionGuid = {CBB3B000-12A4-43BB-83C7-839A4B22C226}
	EndGlobalSection
EndGlobal
