Microsoft Visual Studio Solution File, Format Version 12.00
# Visual Studio Version 17
VisualStudioVersion = 17.5.2.0
MinimumVisualStudioVersion = 10.0.40219.1
Project("{FAE04EC0-301F-11D3-BF4B-00C04F79EFBC}") = "IndexerDelegateExceptionDemo", "IndexerDelegateExceptionDemo.csproj", "{050DCF95-B217-64B4-986A-6491FAE18300}"
EndProject
Global
	GlobalSection(SolutionConfigurationPlatforms) = preSolution
		Debug|Any CPU = Debug|Any CPU
		Release|Any CPU = Release|Any CPU
	EndGlobalSection
	GlobalSection(ProjectConfigurationPlatforms) = postSolution
		{050DCF95-B217-64B4-986A-6491FAE18300}.Debug|Any CPU.ActiveCfg = Debug|Any CPU
		{050DCF95-B217-64B4-986A-6491FAE18300}.Debug|Any CPU.Build.0 = Debug|Any CPU
		{050DCF95-B217-64B4-986A-6491FAE18300}.Release|Any CPU.ActiveCfg = Release|Any CPU
		{050DCF95-B217-64B4-986A-6491FAE18300}.Release|Any CPU.Build.0 = Release|Any CPU
	EndGlobalSection
	GlobalSection(SolutionProperties) = preSolution
		HideSolutionNode = FALSE
	EndGlobalSection
	GlobalSection(ExtensibilityGlobals) = postSolution
		SolutionGuid = {1AAE8555-B9B3-4259-8CAE-AC16D08ED2D6}
	EndGlobalSection
EndGlobal
