Microsoft Visual Studio Solution File, Format Version 12.00
# Visual Studio Version 17
VisualStudioVersion = 17.5.2.0
MinimumVisualStudioVersion = 10.0.40219.1
Project("{FAE04EC0-301F-11D3-BF4B-00C04F79EFBC}") = "CarInformationManagement", "CarInformationManagement.csproj", "{EE1BEB24-D7E7-CBF8-1CCD-C69DB439E315}"
EndProject
Global
	GlobalSection(SolutionConfigurationPlatforms) = preSolution
		Debug|Any CPU = Debug|Any CPU
		Release|Any CPU = Release|Any CPU
	EndGlobalSection
	GlobalSection(ProjectConfigurationPlatforms) = postSolution
		{EE1BEB24-D7E7-CBF8-1CCD-C69DB439E315}.Debug|Any CPU.ActiveCfg = Debug|Any CPU
		{EE1BEB24-D7E7-CBF8-1CCD-C69DB439E315}.Debug|Any CPU.Build.0 = Debug|Any CPU
		{EE1BEB24-D7E7-CBF8-1CCD-C69DB439E315}.Release|Any CPU.ActiveCfg = Release|Any CPU
		{EE1BEB24-D7E7-CBF8-1CCD-C69DB439E315}.Release|Any CPU.Build.0 = Release|Any CPU
	EndGlobalSection
	GlobalSection(SolutionProperties) = preSolution
		HideSolutionNode = FALSE
	EndGlobalSection
	GlobalSection(ExtensibilityGlobals) = postSolution
		SolutionGuid = {D6D86B9B-FB87-4A82-8C48-9AD4C46A2B80}
	EndGlobalSection
EndGlobal
