Microsoft Visual Studio Solution File, Format Version 12.00
# Visual Studio Version 17
VisualStudioVersion = 17.5.2.0
MinimumVisualStudioVersion = 10.0.40219.1
Project("{FAE04EC0-301F-11D3-BF4B-00C04F79EFBC}") = "ArrayDemo", "ArrayDemo.csproj", "{02FD3AA7-C36D-82A7-101C-9830F2A57C5B}"
EndProject
Global
	GlobalSection(SolutionConfigurationPlatforms) = preSolution
		Debug|Any CPU = Debug|Any CPU
		Release|Any CPU = Release|Any CPU
	EndGlobalSection
	GlobalSection(ProjectConfigurationPlatforms) = postSolution
		{02FD3AA7-C36D-82A7-101C-9830F2A57C5B}.Debug|Any CPU.ActiveCfg = Debug|Any CPU
		{02FD3AA7-C36D-82A7-101C-9830F2A57C5B}.Debug|Any CPU.Build.0 = Debug|Any CPU
		{02FD3AA7-C36D-82A7-101C-9830F2A57C5B}.Release|Any CPU.ActiveCfg = Release|Any CPU
		{02FD3AA7-C36D-82A7-101C-9830F2A57C5B}.Release|Any CPU.Build.0 = Release|Any CPU
	EndGlobalSection
	GlobalSection(SolutionProperties) = preSolution
		HideSolutionNode = FALSE
	EndGlobalSection
	GlobalSection(ExtensibilityGlobals) = postSolution
		SolutionGuid = {41929159-D158-45E1-A1A0-3A9A247E8578}
	EndGlobalSection
EndGlobal
