Microsoft Visual Studio Solution File, Format Version 12.00
# Visual Studio Version 17
VisualStudioVersion = 17.5.2.0
MinimumVisualStudioVersion = 10.0.40219.1
Project("{FAE04EC0-301F-11D3-BF4B-00C04F79EFBC}") = "HRSystem", "HRSystem.csproj", "{04F04336-C82C-6F65-8F3B-20E818A67614}"
EndProject
Global
	GlobalSection(SolutionConfigurationPlatforms) = preSolution
		Debug|Any CPU = Debug|Any CPU
		Release|Any CPU = Release|Any CPU
	EndGlobalSection
	GlobalSection(ProjectConfigurationPlatforms) = postSolution
		{04F04336-C82C-6F65-8F3B-20E818A67614}.Debug|Any CPU.ActiveCfg = Debug|Any CPU
		{04F04336-C82C-6F65-8F3B-20E818A67614}.Debug|Any CPU.Build.0 = Debug|Any CPU
		{04F04336-C82C-6F65-8F3B-20E818A67614}.Release|Any CPU.ActiveCfg = Release|Any CPU
		{04F04336-C82C-6F65-8F3B-20E818A67614}.Release|Any CPU.Build.0 = Release|Any CPU
	EndGlobalSection
	GlobalSection(SolutionProperties) = preSolution
		HideSolutionNode = FALSE
	EndGlobalSection
	GlobalSection(ExtensibilityGlobals) = postSolution
		SolutionGuid = {04938DE0-7301-43DE-8746-C26A2470EB55}
	EndGlobalSection
EndGlobal
