Microsoft Visual Studio Solution File, Format Version 12.00
# Visual Studio Version 17
VisualStudioVersion = 17.5.2.0
MinimumVisualStudioVersion = 10.0.40219.1
Project("{FAE04EC0-301F-11D3-BF4B-00C04F79EFBC}") = "StudentAttendenceLoggerProblem", "StudentAttendenceLoggerProblem.csproj", "{F09614A3-7E29-45B7-EE43-63C1735F8FC4}"
EndProject
Global
	GlobalSection(SolutionConfigurationPlatforms) = preSolution
		Debug|Any CPU = Debug|Any CPU
		Release|Any CPU = Release|Any CPU
	EndGlobalSection
	GlobalSection(ProjectConfigurationPlatforms) = postSolution
		{F09614A3-7E29-45B7-EE43-63C1735F8FC4}.Debug|Any CPU.ActiveCfg = Debug|Any CPU
		{F09614A3-7E29-45B7-EE43-63C1735F8FC4}.Debug|Any CPU.Build.0 = Debug|Any CPU
		{F09614A3-7E29-45B7-EE43-63C1735F8FC4}.Release|Any CPU.ActiveCfg = Release|Any CPU
		{F09614A3-7E29-45B7-EE43-63C1735F8FC4}.Release|Any CPU.Build.0 = Release|Any CPU
	EndGlobalSection
	GlobalSection(SolutionProperties) = preSolution
		HideSolutionNode = FALSE
	EndGlobalSection
	GlobalSection(ExtensibilityGlobals) = postSolution
		SolutionGuid = {44CFB020-3D35-42F7-AEFF-D1A9AE77C739}
	EndGlobalSection
EndGlobal
