Microsoft Visual Studio Solution File, Format Version 12.00
# Visual Studio Version 17
VisualStudioVersion = 17.5.2.0
MinimumVisualStudioVersion = 10.0.40219.1
Project("{FAE04EC0-301F-11D3-BF4B-00C04F79EFBC}") = "HelloWorldProgram", "HelloWorldProgram.csproj", "{0B1347D3-FE15-6B0A-A663-22E758FE6622}"
EndProject
Global
	GlobalSection(SolutionConfigurationPlatforms) = preSolution
		Debug|Any CPU = Debug|Any CPU
		Release|Any CPU = Release|Any CPU
	EndGlobalSection
	GlobalSection(ProjectConfigurationPlatforms) = postSolution
		{0B1347D3-FE15-6B0A-A663-22E758FE6622}.Debug|Any CPU.ActiveCfg = Debug|Any CPU
		{0B1347D3-FE15-6B0A-A663-22E758FE6622}.Debug|Any CPU.Build.0 = Debug|Any CPU
		{0B1347D3-FE15-6B0A-A663-22E758FE6622}.Release|Any CPU.ActiveCfg = Release|Any CPU
		{0B1347D3-FE15-6B0A-A663-22E758FE6622}.Release|Any CPU.Build.0 = Release|Any CPU
	EndGlobalSection
	GlobalSection(SolutionProperties) = preSolution
		HideSolutionNode = FALSE
	EndGlobalSection
	GlobalSection(ExtensibilityGlobals) = postSolution
		SolutionGuid = {4187A2DA-D672-42DB-A2CD-DE0CE169DFBC}
	EndGlobalSection
EndGlobal
