Microsoft Visual Studio Solution File, Format Version 12.00
# Visual Studio Version 17
VisualStudioVersion = 17.5.2.0
MinimumVisualStudioVersion = 10.0.40219.1
Project("{FAE04EC0-301F-11D3-BF4B-00C04F79EFBC}") = "StudentGradeChangeNotificationSystemUsingEventsProblem", "StudentGradeChangeNotificationSystemUsingEventsProblem.csproj", "{5CA889C0-EB4D-B448-A19D-1D801467AE44}"
EndProject
Global
	GlobalSection(SolutionConfigurationPlatforms) = preSolution
		Debug|Any CPU = Debug|Any CPU
		Release|Any CPU = Release|Any CPU
	EndGlobalSection
	GlobalSection(ProjectConfigurationPlatforms) = postSolution
		{5CA889C0-EB4D-B448-A19D-1D801467AE44}.Debug|Any CPU.ActiveCfg = Debug|Any CPU
		{5CA889C0-EB4D-B448-A19D-1D801467AE44}.Debug|Any CPU.Build.0 = Debug|Any CPU
		{5CA889C0-EB4D-B448-A19D-1D801467AE44}.Release|Any CPU.ActiveCfg = Release|Any CPU
		{5CA889C0-EB4D-B448-A19D-1D801467AE44}.Release|Any CPU.Build.0 = Release|Any CPU
	EndGlobalSection
	GlobalSection(SolutionProperties) = preSolution
		HideSolutionNode = FALSE
	EndGlobalSection
	GlobalSection(ExtensibilityGlobals) = postSolution
		SolutionGuid = {A36F16A3-3613-4BD6-8E0A-FC4339203E87}
	EndGlobalSection
EndGlobal
